
Microsoft Visual Studio Solution File, Format Version 12.00
# Visual Studio 15
VisualStudioVersion = 15.0.28010.2050
MinimumVisualStudioVersion = 10.0.40219.1
Project("{9A19103F-16F7-4668-BE54-9A1E7A4F7556}") = "OdeToFood", "OdeToFood\OdeToFood.csproj", "{065C52F1-C2C1-4ED5-9756-24B2069A695E}"
EndProject
Global
	GlobalSection(SolutionConfigurationPlatforms) = preSolution
		Debug|Any CPU = Debug|Any CPU
		Release|Any CPU = Release|Any CPU
	EndGlobalSection
	GlobalSection(ProjectConfigurationPlatforms) = postSolution
		{065C52F1-C2C1-4ED5-9756-24B2069A695E}.Debug|Any CPU.ActiveCfg = Debug|Any CPU
		{065C52F1-C2C1-4ED5-9756-24B2069A695E}.Debug|Any CPU.Build.0 = Debug|Any CPU
		{065C52F1-C2C1-4ED5-9756-24B2069A695E}.Release|Any CPU.ActiveCfg = Release|Any CPU
		{065C52F1-C2C1-4ED5-9756-24B2069A695E}.Release|Any CPU.Build.0 = Release|Any CPU
	EndGlobalSection
	GlobalSection(SolutionProperties) = preSolution
		HideSolutionNode = FALSE
	EndGlobalSection
	GlobalSection(ExtensibilityGlobals) = postSolution
		SolutionGuid = {CDA5EA56-9333-41D1-8BC3-606C8AF0123D}
	EndGlobalSection
EndGlobal
